
Microsoft Visual Studio Solution File, Format Version 12.00
# Visual Studio Version 17
VisualStudioVersion = 17.8.34330.188
MinimumVisualStudioVersion = 10.0.40219.1
Project("{FAE04EC0-301F-11D3-BF4B-00C04F79EFBC}") = "ConAppArray", "ConAppArray\ConAppArray.csproj", "{208A4C26-0BF1-4547-A46E-496B9B48A85F}"
EndProject
Global
	GlobalSection(SolutionConfigurationPlatforms) = preSolution
		Debug|Any CPU = Debug|Any CPU
		Release|Any CPU = Release|Any CPU
	EndGlobalSection
	GlobalSection(ProjectConfigurationPlatforms) = postSolution
		{208A4C26-0BF1-4547-A46E-496B9B48A85F}.Debug|Any CPU.ActiveCfg = Debug|Any CPU
		{208A4C26-0BF1-4547-A46E-496B9B48A85F}.Debug|Any CPU.Build.0 = Debug|Any CPU
		{208A4C26-0BF1-4547-A46E-496B9B48A85F}.Release|Any CPU.ActiveCfg = Release|Any CPU
		{208A4C26-0BF1-4547-A46E-496B9B48A85F}.Release|Any CPU.Build.0 = Release|Any CPU
	EndGlobalSection
	GlobalSection(SolutionProperties) = preSolution
		HideSolutionNode = FALSE
	EndGlobalSection
	GlobalSection(ExtensibilityGlobals) = postSolution
		SolutionGuid = {E4BD4E44-47EA-448E-B480-8A0AFBD518CD}
	EndGlobalSection
EndGlobal
