
Microsoft Visual Studio Solution File, Format Version 12.00
# Visual Studio Version 17
VisualStudioVersion = 17.8.34330.188
MinimumVisualStudioVersion = 10.0.40219.1
Project("{FAE04EC0-301F-11D3-BF4B-00C04F79EFBC}") = "ConAppOptionalParameters", "ConAppOptionalParameters\ConAppOptionalParameters.csproj", "{3A38C291-2009-4C4E-8C76-3386872A5B79}"
EndProject
Global
	GlobalSection(SolutionConfigurationPlatforms) = preSolution
		Debug|Any CPU = Debug|Any CPU
		Release|Any CPU = Release|Any CPU
	EndGlobalSection
	GlobalSection(ProjectConfigurationPlatforms) = postSolution
		{3A38C291-2009-4C4E-8C76-3386872A5B79}.Debug|Any CPU.ActiveCfg = Debug|Any CPU
		{3A38C291-2009-4C4E-8C76-3386872A5B79}.Debug|Any CPU.Build.0 = Debug|Any CPU
		{3A38C291-2009-4C4E-8C76-3386872A5B79}.Release|Any CPU.ActiveCfg = Release|Any CPU
		{3A38C291-2009-4C4E-8C76-3386872A5B79}.Release|Any CPU.Build.0 = Release|Any CPU
	EndGlobalSection
	GlobalSection(SolutionProperties) = preSolution
		HideSolutionNode = FALSE
	EndGlobalSection
	GlobalSection(ExtensibilityGlobals) = postSolution
		SolutionGuid = {B0BDA74E-F339-4857-B0CF-0DA825A01714}
	EndGlobalSection
EndGlobal
