
Microsoft Visual Studio Solution File, Format Version 12.00
# Visual Studio Version 17
VisualStudioVersion = 17.8.34330.188
MinimumVisualStudioVersion = 10.0.40219.1
Project("{FAE04EC0-301F-11D3-BF4B-00C04F79EFBC}") = "ConAppInterface", "ConAppInterface\ConAppInterface.csproj", "{73A2F04E-AEE1-4C9F-8847-46FB3B0250CE}"
EndProject
Global
	GlobalSection(SolutionConfigurationPlatforms) = preSolution
		Debug|Any CPU = Debug|Any CPU
		Release|Any CPU = Release|Any CPU
	EndGlobalSection
	GlobalSection(ProjectConfigurationPlatforms) = postSolution
		{73A2F04E-AEE1-4C9F-8847-46FB3B0250CE}.Debug|Any CPU.ActiveCfg = Debug|Any CPU
		{73A2F04E-AEE1-4C9F-8847-46FB3B0250CE}.Debug|Any CPU.Build.0 = Debug|Any CPU
		{73A2F04E-AEE1-4C9F-8847-46FB3B0250CE}.Release|Any CPU.ActiveCfg = Release|Any CPU
		{73A2F04E-AEE1-4C9F-8847-46FB3B0250CE}.Release|Any CPU.Build.0 = Release|Any CPU
	EndGlobalSection
	GlobalSection(SolutionProperties) = preSolution
		HideSolutionNode = FALSE
	EndGlobalSection
	GlobalSection(ExtensibilityGlobals) = postSolution
		SolutionGuid = {9C372790-ED76-43AA-BF85-F907D9F3CC12}
	EndGlobalSection
EndGlobal
