
Microsoft Visual Studio Solution File, Format Version 12.00
# Visual Studio Version 17
VisualStudioVersion = 17.8.34330.188
MinimumVisualStudioVersion = 10.0.40219.1
Project("{FAE04EC0-301F-11D3-BF4B-00C04F79EFBC}") = "ConAppProperties", "ConAppProperties\ConAppProperties.csproj", "{48914AC8-C7CA-472E-901F-204EA033577A}"
EndProject
Global
	GlobalSection(SolutionConfigurationPlatforms) = preSolution
		Debug|Any CPU = Debug|Any CPU
		Release|Any CPU = Release|Any CPU
	EndGlobalSection
	GlobalSection(ProjectConfigurationPlatforms) = postSolution
		{48914AC8-C7CA-472E-901F-204EA033577A}.Debug|Any CPU.ActiveCfg = Debug|Any CPU
		{48914AC8-C7CA-472E-901F-204EA033577A}.Debug|Any CPU.Build.0 = Debug|Any CPU
		{48914AC8-C7CA-472E-901F-204EA033577A}.Release|Any CPU.ActiveCfg = Release|Any CPU
		{48914AC8-C7CA-472E-901F-204EA033577A}.Release|Any CPU.Build.0 = Release|Any CPU
	EndGlobalSection
	GlobalSection(SolutionProperties) = preSolution
		HideSolutionNode = FALSE
	EndGlobalSection
	GlobalSection(ExtensibilityGlobals) = postSolution
		SolutionGuid = {960D84CF-3933-44A1-86ED-E1CEFFA01420}
	EndGlobalSection
EndGlobal
